
Microsoft Visual Studio Solution File, Format Version 12.00
# Visual Studio Version 17
VisualStudioVersion = 17.8.34601.278
MinimumVisualStudioVersion = 10.0.40219.1
Project("{FAE04EC0-301F-11D3-BF4B-00C04F79EFBC}") = "DictionaryLookupBenchmark", "DictionaryLookupBenchmark\DictionaryLookupBenchmark.csproj", "{2E2125F9-7428-4554-B68D-F1B3AE01B938}"
EndProject
Global
	GlobalSection(SolutionConfigurationPlatforms) = preSolution
		Debug|Any CPU = Debug|Any CPU
		Release|Any CPU = Release|Any CPU
	EndGlobalSection
	GlobalSection(ProjectConfigurationPlatforms) = postSolution
		{2E2125F9-7428-4554-B68D-F1B3AE01B938}.Debug|Any CPU.ActiveCfg = Debug|Any CPU
		{2E2125F9-7428-4554-B68D-F1B3AE01B938}.Debug|Any CPU.Build.0 = Debug|Any CPU
		{2E2125F9-7428-4554-B68D-F1B3AE01B938}.Release|Any CPU.ActiveCfg = Release|Any CPU
		{2E2125F9-7428-4554-B68D-F1B3AE01B938}.Release|Any CPU.Build.0 = Release|Any CPU
	EndGlobalSection
	GlobalSection(SolutionProperties) = preSolution
		HideSolutionNode = FALSE
	EndGlobalSection
	GlobalSection(ExtensibilityGlobals) = postSolution
		SolutionGuid = {F720BAF4-B8D7-413B-88D3-D185E0EAD68D}
	EndGlobalSection
EndGlobal
